
Microsoft Visual Studio Solution File, Format Version 12.00
# Visual Studio 2013
VisualStudioVersion = 12.0.21005.1
MinimumVisualStudioVersion = 10.0.40219.1
Project("{FAE04EC0-301F-11D3-BF4B-00C04F79EFBC}") = "HelloCSharp", "HelloCSharp\HelloCSharp.csproj", "{32392981-8736-451D-AA41-592085D77E8B}"
EndProject
Project("{FAE04EC0-301F-11D3-BF4B-00C04F79EFBC}") = "PrintMyName", "PrintMyName\PrintMyName.csproj", "{9545A6AC-2C77-4EED-8EA4-030BD7E75812}"
EndProject
Project("{FAE04EC0-301F-11D3-BF4B-00C04F79EFBC}") = "PrintNumbers", "PrintNumbers\PrintNumbers.csproj", "{973D9F7A-BFA6-46BC-8826-9F907D56B6EA}"
EndProject
Project("{FAE04EC0-301F-11D3-BF4B-00C04F79EFBC}") = "PrintFirstAndLastName", "PrintFirstAndLastName\PrintFirstAndLastName.csproj", "{188306B1-FCEF-450B-B25B-40FCBB7A1DC0}"
EndProject
Project("{FAE04EC0-301F-11D3-BF4B-00C04F79EFBC}") = "SquareRoot", "SquareRoot\SquareRoot.csproj", "{2EB15688-04F6-4B36-9353-A2B655B7C7CC}"
EndProject
Project("{FAE04EC0-301F-11D3-BF4B-00C04F79EFBC}") = "PrintASequence", "PrintASequence\PrintASequence.csproj", "{1BB28BBC-7FCB-468C-9D13-DBE60A46132D}"
EndProject
Project("{FAE04EC0-301F-11D3-BF4B-00C04F79EFBC}") = "ReformatCSharpCode", "ReformatCSharpCode\ReformatCSharpCode.csproj", "{16E1B9AF-48D5-4230-94F0-1AD422A1BB1D}"
EndProject
Project("{FAE04EC0-301F-11D3-BF4B-00C04F79EFBC}") = "CurrentDateAndTime", "CurrentDateAndTime\CurrentDateAndTime.csproj", "{2631546D-36E0-4F55-982C-B60E02B69D71}"
EndProject
Project("{FAE04EC0-301F-11D3-BF4B-00C04F79EFBC}") = "AgeAfter10Years", "AgeAfter10Years\AgeAfter10Years.csproj", "{3DD1B869-6BC9-4DF0-B2A3-97F42B41E354}"
EndProject
Project("{FAE04EC0-301F-11D3-BF4B-00C04F79EFBC}") = "PrintLongSequence", "PrintLongSequence\PrintLongSequence.csproj", "{048659A9-E6BC-4A1B-A8BD-9A3714447806}"
EndProject
Global
	GlobalSection(SolutionConfigurationPlatforms) = preSolution
		Debug|Any CPU = Debug|Any CPU
		Release|Any CPU = Release|Any CPU
	EndGlobalSection
	GlobalSection(ProjectConfigurationPlatforms) = postSolution
		{32392981-8736-451D-AA41-592085D77E8B}.Debug|Any CPU.ActiveCfg = Debug|Any CPU
		{32392981-8736-451D-AA41-592085D77E8B}.Debug|Any CPU.Build.0 = Debug|Any CPU
		{32392981-8736-451D-AA41-592085D77E8B}.Release|Any CPU.ActiveCfg = Release|Any CPU
		{32392981-8736-451D-AA41-592085D77E8B}.Release|Any CPU.Build.0 = Release|Any CPU
		{9545A6AC-2C77-4EED-8EA4-030BD7E75812}.Debug|Any CPU.ActiveCfg = Debug|Any CPU
		{9545A6AC-2C77-4EED-8EA4-030BD7E75812}.Debug|Any CPU.Build.0 = Debug|Any CPU
		{9545A6AC-2C77-4EED-8EA4-030BD7E75812}.Release|Any CPU.ActiveCfg = Release|Any CPU
		{9545A6AC-2C77-4EED-8EA4-030BD7E75812}.Release|Any CPU.Build.0 = Release|Any CPU
		{973D9F7A-BFA6-46BC-8826-9F907D56B6EA}.Debug|Any CPU.ActiveCfg = Debug|Any CPU
		{973D9F7A-BFA6-46BC-8826-9F907D56B6EA}.Debug|Any CPU.Build.0 = Debug|Any CPU
		{973D9F7A-BFA6-46BC-8826-9F907D56B6EA}.Release|Any CPU.ActiveCfg = Release|Any CPU
		{973D9F7A-BFA6-46BC-8826-9F907D56B6EA}.Release|Any CPU.Build.0 = Release|Any CPU
		{188306B1-FCEF-450B-B25B-40FCBB7A1DC0}.Debug|Any CPU.ActiveCfg = Debug|Any CPU
		{188306B1-FCEF-450B-B25B-40FCBB7A1DC0}.Debug|Any CPU.Build.0 = Debug|Any CPU
		{188306B1-FCEF-450B-B25B-40FCBB7A1DC0}.Release|Any CPU.ActiveCfg = Release|Any CPU
		{188306B1-FCEF-450B-B25B-40FCBB7A1DC0}.Release|Any CPU.Build.0 = Release|Any CPU
		{2EB15688-04F6-4B36-9353-A2B655B7C7CC}.Debug|Any CPU.ActiveCfg = Debug|Any CPU
		{2EB15688-04F6-4B36-9353-A2B655B7C7CC}.Debug|Any CPU.Build.0 = Debug|Any CPU
		{2EB15688-04F6-4B36-9353-A2B655B7C7CC}.Release|Any CPU.ActiveCfg = Release|Any CPU
		{2EB15688-04F6-4B36-9353-A2B655B7C7CC}.Release|Any CPU.Build.0 = Release|Any CPU
		{1BB28BBC-7FCB-468C-9D13-DBE60A46132D}.Debug|Any CPU.ActiveCfg = Debug|Any CPU
		{1BB28BBC-7FCB-468C-9D13-DBE60A46132D}.Debug|Any CPU.Build.0 = Debug|Any CPU
		{1BB28BBC-7FCB-468C-9D13-DBE60A46132D}.Release|Any CPU.ActiveCfg = Release|Any CPU
		{1BB28BBC-7FCB-468C-9D13-DBE60A46132D}.Release|Any CPU.Build.0 = Release|Any CPU
		{16E1B9AF-48D5-4230-94F0-1AD422A1BB1D}.Debug|Any CPU.ActiveCfg = Debug|Any CPU
		{16E1B9AF-48D5-4230-94F0-1AD422A1BB1D}.Debug|Any CPU.Build.0 = Debug|Any CPU
		{16E1B9AF-48D5-4230-94F0-1AD422A1BB1D}.Release|Any CPU.ActiveCfg = Release|Any CPU
		{16E1B9AF-48D5-4230-94F0-1AD422A1BB1D}.Release|Any CPU.Build.0 = Release|Any CPU
		{2631546D-36E0-4F55-982C-B60E02B69D71}.Debug|Any CPU.ActiveCfg = Debug|Any CPU
		{2631546D-36E0-4F55-982C-B60E02B69D71}.Debug|Any CPU.Build.0 = Debug|Any CPU
		{2631546D-36E0-4F55-982C-B60E02B69D71}.Release|Any CPU.ActiveCfg = Release|Any CPU
		{2631546D-36E0-4F55-982C-B60E02B69D71}.Release|Any CPU.Build.0 = Release|Any CPU
		{3DD1B869-6BC9-4DF0-B2A3-97F42B41E354}.Debug|Any CPU.ActiveCfg = Debug|Any CPU
		{3DD1B869-6BC9-4DF0-B2A3-97F42B41E354}.Debug|Any CPU.Build.0 = Debug|Any CPU
		{3DD1B869-6BC9-4DF0-B2A3-97F42B41E354}.Release|Any CPU.ActiveCfg = Release|Any CPU
		{3DD1B869-6BC9-4DF0-B2A3-97F42B41E354}.Release|Any CPU.Build.0 = Release|Any CPU
		{048659A9-E6BC-4A1B-A8BD-9A3714447806}.Debug|Any CPU.ActiveCfg = Debug|Any CPU
		{048659A9-E6BC-4A1B-A8BD-9A3714447806}.Debug|Any CPU.Build.0 = Debug|Any CPU
		{048659A9-E6BC-4A1B-A8BD-9A3714447806}.Release|Any CPU.ActiveCfg = Release|Any CPU
		{048659A9-E6BC-4A1B-A8BD-9A3714447806}.Release|Any CPU.Build.0 = Release|Any CPU
	EndGlobalSection
	GlobalSection(SolutionProperties) = preSolution
		HideSolutionNode = FALSE
	EndGlobalSection
EndGlobal
